
Microsoft Visual Studio Solution File, Format Version 12.00
# Visual Studio Version 17
VisualStudioVersion = 17.0.31903.59
MinimumVisualStudioVersion = 10.0.40219.1
Project("{FAE04EC0-301F-11D3-BF4B-00C04F79EFBC}") = "SalonSystem.API", "SalonSystem.API\SalonSystem.API.csproj", "{63908784-16AD-4A23-9CD9-A9A8C3BF06E1}"
EndProject
Project("{FAE04EC0-301F-11D3-BF4B-00C04F79EFBC}") = "SalonSystem.Data", "SalonSystem.Data\SalonSystem.Data.csproj", "{955DA01B-E860-4389-AD69-14FC90EC0A07}"
EndProject
Project("{FAE04EC0-301F-11D3-BF4B-00C04F79EFBC}") = "SalonSystem.Models", "SalonSystem.Models\SalonSystem.Models.csproj", "{DC452E09-5C2E-47BA-9D6F-1C6513EB2EAA}"
EndProject
Project("{FAE04EC0-301F-11D3-BF4B-00C04F79EFBC}") = "SalonSystem.Tests", "SalonSystem.Tests\SalonSystem.Tests.csproj", "{4B6180CD-5D9D-404E-8D60-6A0E3F0D22E4}"
EndProject
Project("{FAE04EC0-301F-11D3-BF4B-00C04F79EFBC}") = "SalonSystem.Services", "SalonSystem.Services\SalonSystem.Services.csproj", "{724AF441-87B9-419F-911E-E587550648D2}"
EndProject
Project("{FAE04EC0-301F-11D3-BF4B-00C04F79EFBC}") = "SalonSystem.DTOs", "SalonSystem.DTOs\SalonSystem.DTOs.csproj", "{610E8217-7C55-42DA-A651-8E0FA6856D37}"
EndProject
Project("{FAE04EC0-301F-11D3-BF4B-00C04F79EFBC}") = "SalonSystem.Common", "SalonSystem.Common\SalonSystem.Common.csproj", "{FCD479E9-D393-4D94-9F95-37C174F3A38C}"
EndProject
Global
	GlobalSection(SolutionConfigurationPlatforms) = preSolution
		Debug|Any CPU = Debug|Any CPU
		Release|Any CPU = Release|Any CPU
	EndGlobalSection
	GlobalSection(SolutionProperties) = preSolution
		HideSolutionNode = FALSE
	EndGlobalSection
	GlobalSection(ProjectConfigurationPlatforms) = postSolution
		{63908784-16AD-4A23-9CD9-A9A8C3BF06E1}.Debug|Any CPU.ActiveCfg = Debug|Any CPU
		{63908784-16AD-4A23-9CD9-A9A8C3BF06E1}.Debug|Any CPU.Build.0 = Debug|Any CPU
		{63908784-16AD-4A23-9CD9-A9A8C3BF06E1}.Release|Any CPU.ActiveCfg = Release|Any CPU
		{63908784-16AD-4A23-9CD9-A9A8C3BF06E1}.Release|Any CPU.Build.0 = Release|Any CPU
		{955DA01B-E860-4389-AD69-14FC90EC0A07}.Debug|Any CPU.ActiveCfg = Debug|Any CPU
		{955DA01B-E860-4389-AD69-14FC90EC0A07}.Debug|Any CPU.Build.0 = Debug|Any CPU
		{955DA01B-E860-4389-AD69-14FC90EC0A07}.Release|Any CPU.ActiveCfg = Release|Any CPU
		{955DA01B-E860-4389-AD69-14FC90EC0A07}.Release|Any CPU.Build.0 = Release|Any CPU
		{DC452E09-5C2E-47BA-9D6F-1C6513EB2EAA}.Debug|Any CPU.ActiveCfg = Debug|Any CPU
		{DC452E09-5C2E-47BA-9D6F-1C6513EB2EAA}.Debug|Any CPU.Build.0 = Debug|Any CPU
		{DC452E09-5C2E-47BA-9D6F-1C6513EB2EAA}.Release|Any CPU.ActiveCfg = Release|Any CPU
		{DC452E09-5C2E-47BA-9D6F-1C6513EB2EAA}.Release|Any CPU.Build.0 = Release|Any CPU
		{4B6180CD-5D9D-404E-8D60-6A0E3F0D22E4}.Debug|Any CPU.ActiveCfg = Debug|Any CPU
		{4B6180CD-5D9D-404E-8D60-6A0E3F0D22E4}.Debug|Any CPU.Build.0 = Debug|Any CPU
		{4B6180CD-5D9D-404E-8D60-6A0E3F0D22E4}.Release|Any CPU.ActiveCfg = Release|Any CPU
		{4B6180CD-5D9D-404E-8D60-6A0E3F0D22E4}.Release|Any CPU.Build.0 = Release|Any CPU
		{724AF441-87B9-419F-911E-E587550648D2}.Debug|Any CPU.ActiveCfg = Debug|Any CPU
		{724AF441-87B9-419F-911E-E587550648D2}.Debug|Any CPU.Build.0 = Debug|Any CPU
		{724AF441-87B9-419F-911E-E587550648D2}.Release|Any CPU.ActiveCfg = Release|Any CPU
		{724AF441-87B9-419F-911E-E587550648D2}.Release|Any CPU.Build.0 = Release|Any CPU
		{610E8217-7C55-42DA-A651-8E0FA6856D37}.Debug|Any CPU.ActiveCfg = Debug|Any CPU
		{610E8217-7C55-42DA-A651-8E0FA6856D37}.Debug|Any CPU.Build.0 = Debug|Any CPU
		{610E8217-7C55-42DA-A651-8E0FA6856D37}.Release|Any CPU.ActiveCfg = Release|Any CPU
		{610E8217-7C55-42DA-A651-8E0FA6856D37}.Release|Any CPU.Build.0 = Release|Any CPU
		{FCD479E9-D393-4D94-9F95-37C174F3A38C}.Debug|Any CPU.ActiveCfg = Debug|Any CPU
		{FCD479E9-D393-4D94-9F95-37C174F3A38C}.Debug|Any CPU.Build.0 = Debug|Any CPU
		{FCD479E9-D393-4D94-9F95-37C174F3A38C}.Release|Any CPU.ActiveCfg = Release|Any CPU
		{FCD479E9-D393-4D94-9F95-37C174F3A38C}.Release|Any CPU.Build.0 = Release|Any CPU
	EndGlobalSection
EndGlobal
